
Microsoft Visual Studio Solution File, Format Version 12.00
# Visual Studio 2013
VisualStudioVersion = 12.0.21005.1
MinimumVisualStudioVersion = 10.0.40219.1
Project("{8BC9CEB8-8B4A-11D0-8D11-00A0C91BC942}") = "C语言程序设计.例题", "C语言程序设计.例题\C语言程序设计.例题.vcxproj", "{3C999A75-6B8A-4D63-8EA2-20FF453C27CD}"
EndProject
Global
	GlobalSection(SolutionConfigurationPlatforms) = preSolution
		Debug|Win32 = Debug|Win32
		Release|Win32 = Release|Win32
	EndGlobalSection
	GlobalSection(ProjectConfigurationPlatforms) = postSolution
		{3C999A75-6B8A-4D63-8EA2-20FF453C27CD}.Debug|Win32.ActiveCfg = Debug|Win32
		{3C999A75-6B8A-4D63-8EA2-20FF453C27CD}.Debug|Win32.Build.0 = Debug|Win32
		{3C999A75-6B8A-4D63-8EA2-20FF453C27CD}.Release|Win32.ActiveCfg = Release|Win32
		{3C999A75-6B8A-4D63-8EA2-20FF453C27CD}.Release|Win32.Build.0 = Release|Win32
	EndGlobalSection
	GlobalSection(SolutionProperties) = preSolution
		HideSolutionNode = FALSE
	EndGlobalSection
EndGlobal
